
Microsoft Visual Studio Solution File, Format Version 12.00
# Visual Studio 15
VisualStudioVersion = 15.0.27130.2036
MinimumVisualStudioVersion = 10.0.40219.1
Project("{9A19103F-16F7-4668-BE54-9A1E7A4F7556}") = "WIXSharpHelper", "WIXSharpProjectFile\WIXSharpHelper.csproj", "{7F66F7C9-5D01-4A82-BB93-B06EE539D95F}"
EndProject
Project("{FAE04EC0-301F-11D3-BF4B-00C04F79EFBC}") = "WixSharpHelperTester", "WixSharpHelperTester\WixSharpHelperTester.csproj", "{39DFFF25-47B9-4220-A60F-3D862C2DB583}"
EndProject
Project("{9A19103F-16F7-4668-BE54-9A1E7A4F7556}") = "WixSharpScriptBuilder", "WixSharpScriptBuilder\WixSharpScriptBuilder.csproj", "{7DCCA3F0-0987-4D48-96BA-21F8F99014D7}"
EndProject
Project("{FAE04EC0-301F-11D3-BF4B-00C04F79EFBC}") = "Wixard", "Wixard\Wixard.csproj", "{1E5CA71D-CB1D-48F5-9367-628ACDEA5FDB}"
EndProject
Project("{FAE04EC0-301F-11D3-BF4B-00C04F79EFBC}") = "PathManipulator", "PathManipulator\PathManipulator.csproj", "{2E7A1D03-B9CC-4273-B236-D8A06650EC50}"
EndProject
Global
	GlobalSection(SolutionConfigurationPlatforms) = preSolution
		Debug|Any CPU = Debug|Any CPU
		Release|Any CPU = Release|Any CPU
	EndGlobalSection
	GlobalSection(ProjectConfigurationPlatforms) = postSolution
		{7F66F7C9-5D01-4A82-BB93-B06EE539D95F}.Debug|Any CPU.ActiveCfg = Debug|Any CPU
		{7F66F7C9-5D01-4A82-BB93-B06EE539D95F}.Debug|Any CPU.Build.0 = Debug|Any CPU
		{7F66F7C9-5D01-4A82-BB93-B06EE539D95F}.Release|Any CPU.ActiveCfg = Release|Any CPU
		{7F66F7C9-5D01-4A82-BB93-B06EE539D95F}.Release|Any CPU.Build.0 = Release|Any CPU
		{39DFFF25-47B9-4220-A60F-3D862C2DB583}.Debug|Any CPU.ActiveCfg = Debug|Any CPU
		{39DFFF25-47B9-4220-A60F-3D862C2DB583}.Debug|Any CPU.Build.0 = Debug|Any CPU
		{39DFFF25-47B9-4220-A60F-3D862C2DB583}.Release|Any CPU.ActiveCfg = Release|Any CPU
		{39DFFF25-47B9-4220-A60F-3D862C2DB583}.Release|Any CPU.Build.0 = Release|Any CPU
		{7DCCA3F0-0987-4D48-96BA-21F8F99014D7}.Debug|Any CPU.ActiveCfg = Debug|Any CPU
		{7DCCA3F0-0987-4D48-96BA-21F8F99014D7}.Debug|Any CPU.Build.0 = Debug|Any CPU
		{7DCCA3F0-0987-4D48-96BA-21F8F99014D7}.Release|Any CPU.ActiveCfg = Release|Any CPU
		{7DCCA3F0-0987-4D48-96BA-21F8F99014D7}.Release|Any CPU.Build.0 = Release|Any CPU
		{1E5CA71D-CB1D-48F5-9367-628ACDEA5FDB}.Debug|Any CPU.ActiveCfg = Debug|Any CPU
		{1E5CA71D-CB1D-48F5-9367-628ACDEA5FDB}.Debug|Any CPU.Build.0 = Debug|Any CPU
		{1E5CA71D-CB1D-48F5-9367-628ACDEA5FDB}.Release|Any CPU.ActiveCfg = Release|Any CPU
		{1E5CA71D-CB1D-48F5-9367-628ACDEA5FDB}.Release|Any CPU.Build.0 = Release|Any CPU
		{2E7A1D03-B9CC-4273-B236-D8A06650EC50}.Debug|Any CPU.ActiveCfg = Debug|Any CPU
		{2E7A1D03-B9CC-4273-B236-D8A06650EC50}.Debug|Any CPU.Build.0 = Debug|Any CPU
		{2E7A1D03-B9CC-4273-B236-D8A06650EC50}.Release|Any CPU.ActiveCfg = Release|Any CPU
		{2E7A1D03-B9CC-4273-B236-D8A06650EC50}.Release|Any CPU.Build.0 = Release|Any CPU
	EndGlobalSection
	GlobalSection(SolutionProperties) = preSolution
		HideSolutionNode = FALSE
	EndGlobalSection
	GlobalSection(ExtensibilityGlobals) = postSolution
		SolutionGuid = {C56F7F23-9B20-475B-AE93-4473689864EC}
	EndGlobalSection
EndGlobal
